<Solution>
  <Project Path="GhostList.Application/GhostList.Application.csproj" />
  <Project Path="GhostList.Domain/GhostList.Domain.csproj" />
  <Project Path="GhostList.Infrastructure/GhostList.Infrastructure.csproj" />
  <Project Path="GhostList.WebApi/GhostList.WebApi.csproj" />
  <Project Path="GhostList.Domain.Tests/GhostList.Domain.Tests.csproj" />
  <Project Path="GhostList.Application.Tests/GhostList.Application.Tests.csproj" />
</Solution>
